
Microsoft Visual Studio Solution File, Format Version 12.00
# Visual Studio Version 17
VisualStudioVersion = 17.8.34330.188
MinimumVisualStudioVersion = 10.0.40219.1
Project("{FAE04EC0-301F-11D3-BF4B-00C04F79EFBC}") = "abstract-factory-pattern", "abstract-factory-pattern.csproj", "{B25522A0-4A31-45D2-9AFD-BF42D37BC088}"
EndProject
Global
	GlobalSection(SolutionConfigurationPlatforms) = preSolution
		Debug|Any CPU = Debug|Any CPU
		Release|Any CPU = Release|Any CPU
	EndGlobalSection
	GlobalSection(ProjectConfigurationPlatforms) = postSolution
		{B25522A0-4A31-45D2-9AFD-BF42D37BC088}.Debug|Any CPU.ActiveCfg = Debug|Any CPU
		{B25522A0-4A31-45D2-9AFD-BF42D37BC088}.Debug|Any CPU.Build.0 = Debug|Any CPU
		{B25522A0-4A31-45D2-9AFD-BF42D37BC088}.Release|Any CPU.ActiveCfg = Release|Any CPU
		{B25522A0-4A31-45D2-9AFD-BF42D37BC088}.Release|Any CPU.Build.0 = Release|Any CPU
	EndGlobalSection
	GlobalSection(SolutionProperties) = preSolution
		HideSolutionNode = FALSE
	EndGlobalSection
	GlobalSection(ExtensibilityGlobals) = postSolution
		SolutionGuid = {98ADAA0C-A0BF-47B8-94B4-6F8D2C352E6E}
	EndGlobalSection
EndGlobal
